<?xml version="1.0" encoding="UTF-8" standalone="yes" ?>
<CodeBlocks_project_file>
	<FileVersion major="1" minor="6" />
	<Project>
		<Option title="Stargame" />
		<Option pch_mode="2" />
		<Option compiler="gcc" />
		<Build>
			<Target title="Debug">
				<Option output="bin/Debug/Stargame" prefix_auto="1" extension_auto="1" />
				<Option object_output="obj/Debug/" />
				<Option type="1" />
				<Option compiler="gcc" />
				<Compiler>
					<Add option="-g" />
				</Compiler>
			</Target>
			<Target title="Release">
				<Option output="bin/Release/Stargame" prefix_auto="1" extension_auto="1" />
				<Option object_output="obj/Release/" />
				<Option type="1" />
				<Option compiler="gcc" />
				<Compiler>
					<Add option="-O2" />
				</Compiler>
				<Linker>
					<Add option="-s" />
				</Linker>
			</Target>
		</Build>
		<Compiler>
			<Add option="-Wall" />
			<Add option="-std=c++11" />
			<Add directory="./src/" />
		</Compiler>
		<Linker>
			<Add library="irrlicht" />
			<Add library="irrklang" />
			<Add library="box2D" />
		</Linker>
<<<<<<< HEAD
		<Unit filename="src/CEngine.h" />
=======
		<Unit filename="src/CEngine.cpp" />
		<Unit filename="src/CEngine.h" />
		<Unit filename="src/CInputManager.cpp" />
		<Unit filename="src/CInputManager.h" />
		<Unit filename="src/CIrrMasterEventReceiver.cpp" />
		<Unit filename="src/CIrrMasterEventReceiver.h" />
>>>>>>> refs/remotes/origin/scavenge
		<Unit filename="src/CStateManager.cpp" />
		<Unit filename="src/CStateManager.h" />
		<Unit filename="src/CTimeManager.cpp" />
		<Unit filename="src/CTimeManager.h" />
		<Unit filename="src/IEngine.h" />
<<<<<<< HEAD
		<Unit filename="src/IStateManager.h" />
		<Unit filename="src/ITimeManager.h" />
		<Unit filename="src/Options.cpp" />
		<Unit filename="src/Options.h" />
		<Unit filename="src/util.h" />
=======
		<Unit filename="src/IInputManager.h" />
		<Unit filename="src/ILogManager.h" />
		<Unit filename="src/IState.h" />
		<Unit filename="src/IStateManager.h" />
		<Unit filename="src/Options.cpp" />
		<Unit filename="src/Options.h" />
		<Unit filename="src/ShipEditor/ShipEditorState.cpp" />
		<Unit filename="src/ShipEditor/ShipEditorState.h" />
		<Unit filename="src/debug/CDebugConsole.cpp" />
		<Unit filename="src/debug/CDebugConsole.h" />
		<Unit filename="src/debug/IDebugConsole.h" />
		<Unit filename="src/debug/ObjectCounter.cpp" />
		<Unit filename="src/debug/ObjectCounter.h" />
		<Unit filename="src/main.cpp" />
		<Unit filename="src/util.h" />
		<Unit filename="src/util/logging.cpp" />
		<Unit filename="src/util/logging.h" />
		<Unit filename="src/util/make_unique.h" />
>>>>>>> refs/remotes/origin/scavenge
		<Extensions>
			<code_completion />
			<envvars />
			<debugger />
			<lib_finder disable_auto="1" />
		</Extensions>
	</Project>
</CodeBlocks_project_file>
