<?xml version="1.0" encoding="UTF-8" standalone="yes" ?>
<CodeBlocks_project_file>
	<FileVersion major="1" minor="6" />
	<Project>
		<Option title="Stargame" />
		<Option pch_mode="2" />
		<Option compiler="gcc" />
		<Build>
			<Target title="Debug">
				<Option output="bin/Debug/Stargame" prefix_auto="1" extension_auto="1" />
				<Option object_output="obj/Debug/" />
				<Option type="1" />
				<Option compiler="gcc" />
				<Compiler>
					<Add option="-g" />
				</Compiler>
			</Target>
			<Target title="Release">
				<Option output="bin/Release/Stargame" prefix_auto="1" extension_auto="1" />
				<Option object_output="obj/Release/" />
				<Option type="1" />
				<Option compiler="gcc" />
				<Compiler>
					<Add option="-O2" />
				</Compiler>
				<Linker>
					<Add option="-s" />
				</Linker>
			</Target>
		</Build>
		<Compiler>
			<Add option="-Wall" />
			<Add option="-std=c++11" />
			<Add option="-ftemplate-backtrace-limit=0" />
			<Add directory="./src/" />
		</Compiler>
		<Linker>
			<Add library="irrlicht" />
			<Add library="irrklang" />
			<Add library="box2D" />
		</Linker>
		<Unit filename="src/CEngine.cpp" />
		<Unit filename="src/CEngine.h" />
		<Unit filename="src/CInputManager.cpp" />
		<Unit filename="src/CInputManager.h" />
		<Unit filename="src/CIrrMasterEventReceiver.cpp" />
		<Unit filename="src/CIrrMasterEventReceiver.h" />
		<Unit filename="src/CSoundManager.cpp" />
		<Unit filename="src/CSoundManager.h" />
		<Unit filename="src/CStateManager.cpp" />
		<Unit filename="src/CStateManager.h" />
		<Unit filename="src/CTimeManager.cpp" />
		<Unit filename="src/CTimeManager.h" />
		<Unit filename="src/CUIEventListener.cpp" />
		<Unit filename="src/CUIEventListener.h" />
		<Unit filename="src/GameState/GameState.cpp" />
		<Unit filename="src/GameState/GameState.h" />
		<Unit filename="src/GameState/HUD.cpp" />
		<Unit filename="src/GameState/HUD.h" />
		<Unit filename="src/GameState/InputModule.cpp" />
		<Unit filename="src/GameState/InputModule.h" />
		<Unit filename="src/GameState/TextInterface/TextInterface.cpp" />
		<Unit filename="src/GameState/TextInterface/TextInterface.h" />
		<Unit filename="src/IEngine.h" />
		<Unit filename="src/IEventListener.h" />
		<Unit filename="src/IInputManager.h" />
		<Unit filename="src/ISoundManager.h" />
		<Unit filename="src/IState.h" />
		<Unit filename="src/IStateManager.h" />
		<Unit filename="src/IUIEventListener.h" />
		<Unit filename="src/Options.cpp" />
		<Unit filename="src/Options.h" />
		<Unit filename="src/ShipEditor/ShipEditorState.cpp" />
		<Unit filename="src/ShipEditor/ShipEditorState.h" />
		<Unit filename="src/debug/CDebugConsole.cpp" />
		<Unit filename="src/debug/CDebugConsole.h" />
		<Unit filename="src/debug/CDebugDraw.cpp" />
		<Unit filename="src/debug/CDebugDraw.h" />
		<Unit filename="src/debug/IDebugConsole.h" />
		<Unit filename="src/debug/IDebugDraw.h" />
		<Unit filename="src/debug/ObjectCounter.cpp" />
		<Unit filename="src/debug/ObjectCounter.h" />
		<Unit filename="src/game/CGameObject.cpp" />
		<Unit filename="src/game/CGameObject.h" />
		<Unit filename="src/game/CGameViewModule.cpp" />
		<Unit filename="src/game/CGameViewModule.h" />
		<Unit filename="src/game/CGameWorld.cpp" />
		<Unit filename="src/game/CGameWorld.h" />
		<Unit filename="src/game/ContactListener.cpp" />
		<Unit filename="src/game/ContactListener.h" />
		<Unit filename="src/game/Damage.cpp" />
		<Unit filename="src/game/Damage.h" />
		<Unit filename="src/game/Game.cpp" />
		<Unit filename="src/game/Game.h" />
		<Unit filename="src/game/IGameObject.h" />
		<Unit filename="src/game/IGameObjectModule.h" />
		<Unit filename="src/game/IGameObjectView.h" />
		<Unit filename="src/game/IGameViewModule.h" />
		<Unit filename="src/game/IGameWorld.h" />
		<Unit filename="src/game/IGameWorldView.h" />
		<Unit filename="src/game/SpawnManager.cpp" />
		<Unit filename="src/game/SpawnManager.h" />
		<Unit filename="src/game/fwd.h" />
		<Unit filename="src/game/object_module/ArmourSegment.cpp" />
		<Unit filename="src/game/object_module/ArmourSegment.h" />
		<Unit filename="src/game/object_module/CFlightModel.cpp" />
		<Unit filename="src/game/object_module/CFlightModel.h" />
		<Unit filename="src/game/object_module/CStructureCell.cpp" />
		<Unit filename="src/game/object_module/CStructureCell.h" />
		<Unit filename="src/game/object_module/CSubStructure.cpp" />
		<Unit filename="src/game/object_module/CSubStructure.h" />
		<Unit filename="src/game/object_module/IFlightModel.h" />
		<Unit filename="src/game/object_module/IStructureCell.h" />
		<Unit filename="src/game/object_module/ISubStructure.h" />
		<Unit filename="src/game/object_module/common_includes.h" />
		<Unit filename="src/game/object_module/components/CComponent.cpp" />
		<Unit filename="src/game/object_module/components/CComponent.h" />
		<Unit filename="src/game/object_module/components/CargoBay.cpp" />
		<Unit filename="src/game/object_module/components/CargoBay.h" />
		<Unit filename="src/game/object_module/components/Engine.cpp" />
		<Unit filename="src/game/object_module/components/Engine.h" />
		<Unit filename="src/game/object_module/components/FuelTank.cpp" />
		<Unit filename="src/game/object_module/components/FuelTank.h" />
		<Unit filename="src/game/object_module/components/IComponent.h" />
		<Unit filename="src/game/spawn/CDataManager.cpp" />
		<Unit filename="src/game/spawn/CDataManager.h" />
		<Unit filename="src/game/spawn/Definitions.cpp" />
		<Unit filename="src/game/spawn/Definitions.h" />
		<Unit filename="src/game/spawn/IDataManager.h" />
		<Unit filename="src/game/spawn/factory.cpp" />
		<Unit filename="src/game/spawn/factory.h" />
		<Unit filename="src/game/view_thread/CViewThreadGO.cpp" />
		<Unit filename="src/game/view_thread/CViewThreadGO.h" />
		<Unit filename="src/game/view_thread/CViewThreadGW.cpp" />
		<Unit filename="src/game/view_thread/CViewThreadGW.h" />
		<Unit filename="src/game/view_thread/IViewThreadGO.h" />
		<Unit filename="src/game/view_thread/IViewThreadGW.h" />
		<Unit filename="src/graphic/CShipStatusView.cpp" />
		<Unit filename="src/graphic/CShipStatusView.h" />
		<Unit filename="src/graphic/EngineExhaust.cpp" />
		<Unit filename="src/graphic/EngineExhaust.h" />
		<Unit filename="src/graphic/ExplosionNode.cpp" />
		<Unit filename="src/graphic/ExplosionNode.h" />
		<Unit filename="src/graphic/FollowObjectAnimator.cpp" />
		<Unit filename="src/graphic/FollowObjectAnimator.h" />
		<Unit filename="src/graphic/IShipStatusView.h" />
		<Unit filename="src/graphic/RadarScreen.cpp" />
		<Unit filename="src/graphic/RadarScreen.h" />
		<Unit filename="src/graphic/ShipStatusCtrl.cpp" />
		<Unit filename="src/graphic/ShipStatusCtrl.h" />
		<Unit filename="src/graphic/SubsystemDamageView.cpp" />
		<Unit filename="src/graphic/SubsystemDamageView.h" />
		<Unit filename="src/graphic/TrackObjectAnimator.cpp" />
		<Unit filename="src/graphic/TrackObjectAnimator.h" />
		<Unit filename="src/graphic/tactical_map/CTacticalMapIcon.cpp" />
		<Unit filename="src/graphic/tactical_map/CTacticalMapIcon.h" />
		<Unit filename="src/graphic/tactical_map/CTacticalMapView.cpp" />
		<Unit filename="src/graphic/tactical_map/CTacticalMapView.h" />
		<Unit filename="src/graphic/tactical_map/ITacticalMapIcon.h" />
		<Unit filename="src/graphic/tactical_map/ITacticalMapView.h" />
		<Unit filename="src/graphic/tactical_map/TacticalMapCtrl.cpp" />
		<Unit filename="src/graphic/tactical_map/TacticalMapCtrl.h" />
		<Unit filename="src/input/CInputButton.cpp" />
		<Unit filename="src/input/CInputButton.h" />
		<Unit filename="src/input/CInputConfig.cpp" />
		<Unit filename="src/input/CInputConfig.h" />
		<Unit filename="src/input/CInputElement.cpp" />
		<Unit filename="src/input/CInputElement.h" />
		<Unit filename="src/input/CInputGauge.cpp" />
		<Unit filename="src/input/CInputGauge.h" />
		<Unit filename="src/input/IInputConfiguration.h" />
		<Unit filename="src/input/IInputElement.h" />
		<Unit filename="src/input/InputElements.cpp" />
		<Unit filename="src/input/InputElements.h" />
		<Unit filename="src/listener/listener.h" />
		<Unit filename="src/listener/listenerlist.h" />
		<Unit filename="src/listener/llist_internal.cpp" />
		<Unit filename="src/listener/llist_internal.h" />
		<Unit filename="src/main.cpp" />
		<Unit filename="src/property/CProperty.cpp" />
		<Unit filename="src/property/CProperty.h" />
		<Unit filename="src/property/CPropertyObject.cpp" />
		<Unit filename="src/property/CPropertyObject.h" />
		<Unit filename="src/property/IProperty.h" />
		<Unit filename="src/property/IPropertyObject.h" />
		<Unit filename="src/property/IPropertyObjectView.h" />
		<Unit filename="src/property/IPropertyView.h" />
		<Unit filename="src/property/TypedProperty.cpp" />
		<Unit filename="src/property/TypedProperty.h" />
		<Unit filename="src/property/io.cpp" />
		<Unit filename="src/property/io.h" />
		<Unit filename="src/property/property.h" />
		<Unit filename="src/util.h" />
		<Unit filename="src/util/WriteLock.cpp" />
		<Unit filename="src/util/WriteLock.h" />
		<Unit filename="src/util/convert.h" />
		<Unit filename="src/util/io.cpp" />
		<Unit filename="src/util/io.h" />
		<Unit filename="src/util/logging.cpp" />
		<Unit filename="src/util/logging.h" />
		<Unit filename="src/util/make_unique.h" />
		<Extensions>
			<code_completion />
			<envvars />
			<debugger>
				<remote_debugging>
					<options conn_type="-1" serial_baud="115200" additional_cmds_before="b _assert" />
				</remote_debugging>
			</debugger>
			<lib_finder disable_auto="1" />
			<DoxyBlocks>
				<comment_style block="0" line="1" />
				<doxyfile_project />
				<doxyfile_build extract_all="1" />
				<doxyfile_warnings />
				<doxyfile_output />
				<doxyfile_dot class_diagrams="1" />
				<general />
			</DoxyBlocks>
		</Extensions>
	</Project>
</CodeBlocks_project_file>
