<?xml version="1.0" encoding="UTF-8" standalone="yes" ?>
<CodeBlocks_project_file>
	<FileVersion major="1" minor="6" />
	<Project>
		<Option title="Stargame" />
		<Option pch_mode="2" />
		<Option compiler="gcc" />
		<Build>
			<Target title="Debug">
				<Option output="bin/Debug/Stargame" prefix_auto="1" extension_auto="1" />
				<Option object_output="obj/Debug/" />
				<Option type="1" />
				<Option compiler="gcc" />
				<Compiler>
					<Add option="-g" />
				</Compiler>
			</Target>
			<Target title="Release">
				<Option output="bin/Release/Stargame" prefix_auto="1" extension_auto="1" />
				<Option object_output="obj/Release/" />
				<Option type="1" />
				<Option compiler="gcc" />
				<Compiler>
					<Add option="-O2" />
				</Compiler>
				<Linker>
					<Add option="-s" />
				</Linker>
			</Target>
		</Build>
		<Compiler>
			<Add option="-Wall" />
			<Add option="-std=c++11" />
			<Add directory="./src/" />
		</Compiler>
		<Linker>
			<Add library="irrlicht" />
			<Add library="irrklang" />
			<Add library="box2D" />
		</Linker>
		<Unit filename="src/CEngine.cpp" />
		<Unit filename="src/CEngine.h" />
		<Unit filename="src/CInputManager.cpp" />
		<Unit filename="src/CInputManager.h" />
		<Unit filename="src/CIrrMasterEventReceiver.cpp" />
		<Unit filename="src/CIrrMasterEventReceiver.h" />
		<Unit filename="src/CSoundManager.cpp" />
		<Unit filename="src/CSoundManager.h" />
		<Unit filename="src/CStateManager.cpp" />
		<Unit filename="src/CStateManager.h" />
		<Unit filename="src/CTimeManager.cpp" />
		<Unit filename="src/CTimeManager.h" />
		<Unit filename="src/CUIEventListener.cpp" />
		<Unit filename="src/CUIEventListener.h" />
		<Unit filename="src/IEngine.h" />
		<Unit filename="src/IInputManager.h" />
		<Unit filename="src/ISoundManager.h" />
		<Unit filename="src/IState.h" />
		<Unit filename="src/IStateManager.h" />
		<Unit filename="src/IUIEventListener.h" />
		<Unit filename="src/Options.cpp" />
		<Unit filename="src/Options.h" />
		<Unit filename="src/ShipEditor/ShipEditorState.cpp" />
		<Unit filename="src/ShipEditor/ShipEditorState.h" />
		<Unit filename="src/debug/CDebugConsole.cpp" />
		<Unit filename="src/debug/CDebugConsole.h" />
		<Unit filename="src/debug/IDebugConsole.h" />
		<Unit filename="src/debug/IDebugDrawer.h" />
		<Unit filename="src/debug/ObjectCounter.cpp" />
		<Unit filename="src/debug/ObjectCounter.h" />
		<Unit filename="src/game/ArmourSegment.cpp" />
		<Unit filename="src/game/ArmourSegment.h" />
		<Unit filename="src/game/Components/ActionList.cpp" />
		<Unit filename="src/game/Components/ActionList.h" />
		<Unit filename="src/game/Components/Actions.cpp" />
		<Unit filename="src/game/Components/Actions.h" />
		<Unit filename="src/game/Components/FuelTank.cpp" />
		<Unit filename="src/game/Components/FuelTank.h" />
		<Unit filename="src/game/Components/IAction.h" />
		<Unit filename="src/game/Components/IComponent.cpp" />
		<Unit filename="src/game/Components/IComponent.h" />
		<Unit filename="src/game/Components/IWeapon.cpp" />
		<Unit filename="src/game/Components/IWeapon.h" />
		<Unit filename="src/game/ContactListener.cpp" />
		<Unit filename="src/game/ContactListener.h" />
		<Unit filename="src/game/Damage.cpp" />
		<Unit filename="src/game/Damage.h" />
		<Unit filename="src/game/FlightModel.cpp" />
		<Unit filename="src/game/FlightModel.h" />
		<Unit filename="src/game/Game.cpp" />
		<Unit filename="src/game/Game.h" />
		<Unit filename="src/game/GameObject.cpp" />
		<Unit filename="src/game/GameObject.h" />
		<Unit filename="src/game/GameWorld.cpp" />
		<Unit filename="src/game/GameWorld.h" />
		<Unit filename="src/game/ShipData.h" />
		<Unit filename="src/game/ShipStructure.cpp" />
		<Unit filename="src/game/ShipStructure.h" />
		<Unit filename="src/game/SpaceShip.cpp" />
		<Unit filename="src/game/SpaceShip.h" />
		<Unit filename="src/game/StructureCell.cpp" />
		<Unit filename="src/game/StructureCell.h" />
		<Unit filename="src/game/fwd.h" />
		<Unit filename="src/graphic/CDebugDraw.cpp" />
		<Unit filename="src/graphic/CDebugDraw.h" />
		<Unit filename="src/graphic/EngineExhaust.cpp" />
		<Unit filename="src/graphic/EngineExhaust.h" />
		<Unit filename="src/graphic/ExplosionNode.cpp" />
		<Unit filename="src/graphic/ExplosionNode.h" />
		<Unit filename="src/graphic/FollowObjectAnimator.cpp" />
		<Unit filename="src/graphic/FollowObjectAnimator.h" />
		<Unit filename="src/graphic/RadarScreen.cpp" />
		<Unit filename="src/graphic/RadarScreen.h" />
		<Unit filename="src/graphic/TrackObjectAnimator.cpp" />
		<Unit filename="src/graphic/TrackObjectAnimator.h" />
		<Unit filename="src/main.cpp" />
		<Unit filename="src/util.h" />
		<Unit filename="src/util/ListenerList.h" />
		<Unit filename="src/util/WriteLock.cpp" />
		<Unit filename="src/util/WriteLock.h" />
		<Unit filename="src/util/convert.h" />
		<Unit filename="src/util/logging.cpp" />
		<Unit filename="src/util/logging.h" />
		<Unit filename="src/util/make_unique.h" />
		<Extensions>
			<code_completion />
			<envvars />
			<debugger />
			<lib_finder disable_auto="1" />
		</Extensions>
	</Project>
</CodeBlocks_project_file>
